<?xml version="1.0" encoding="UTF-8" standalone="yes" ?>
<CodeBlocks_project_file>
	<FileVersion major="1" minor="6" />
	<Project>
		<Option title="ui-agar" />
		<Option pch_mode="2" />
		<Option compiler="gcc" />
		<Build>
			<Target title="Debug">
				<Option output="obj/Debug/libui-agar" prefix_auto="1" extension_auto="1" />
				<Option working_dir="" />
				<Option object_output="obj/Debug/" />
				<Option type="2" />
				<Option compiler="gcc" />
				<Option createDefFile="1" />
				<Compiler>
					<Add option="-g" />
					<Add directory="." />
					<Add directory=".." />
					<Add directory="../vm" />
					<Add directory="/usr/local/include/agar/" />
					<Add directory="/usr/include/SDL" />
					<Add directory="../sdl" />
					<Add directory="../libemugrph" />
				</Compiler>
				<Linker>
					<Add directory="/usr/local/lib" />
				</Linker>
			</Target>
			<Target title="Release">
				<Option output="obj/Release/libui-agar" prefix_auto="1" extension_auto="1" />
				<Option working_dir="" />
				<Option object_output="obj/Release/" />
				<Option type="2" />
				<Option compiler="gcc" />
				<Option createDefFile="1" />
				<Compiler>
					<Add option="-fomit-frame-pointer" />
					<Add option="-O3" />
					<Add directory="." />
					<Add directory=".." />
					<Add directory="../vm" />
					<Add directory="/usr/local/include/agar/" />
					<Add directory="/usr/include/SDL" />
				</Compiler>
				<Linker>
					<Add option="-s" />
					<Add directory="/usr/local/lib" />
				</Linker>
			</Target>
		</Build>
		<Compiler>
			<Add option="`pkg-config --cflags sdl`" />
			<Add option="-DXM7_VER=3" />
			<Add option="-DUSE_OPENGL" />
			<Add option="-DUSE_AGAR" />
			<Add option="-DMOUSE" />
			<Add option="-DMR2" />
			<Add option="-DFDDSND" />
			<Add option="-D_XWIN" />
			<Add directory="." />
			<Add directory=".." />
			<Add directory="../vm" />
			<Add directory="/usr/local/include/agar/" />
			<Add directory="../libemugrph" />
			<Add directory="../sdl" />
		</Compiler>
		<Linker>
			<Add directory="/usr/local/lib" />
		</Linker>
		<Unit filename="AgarKbdInterface.cpp" />
		<Unit filename="AgarKbdInterface.h" />
		<Unit filename="DrawAGNonGL.cpp" />
		<Unit filename="DrawAGNonGL.h" />
		<Unit filename="agar_cfg.cpp" />
		<Unit filename="agar_cfg.h" />
		<Unit filename="agar_cmd.cpp" />
		<Unit filename="agar_cmd.h" />
		<Unit filename="agar_draw.cpp" />
		<Unit filename="agar_draw.h" />
		<Unit filename="agar_gldraw.h" />
		<Unit filename="agar_gldraw2.cpp" />
		<Unit filename="agar_glutil.cpp" />
		<Unit filename="agar_glutil.h" />
		<Unit filename="agar_gui_menu.cpp" />
		<Unit filename="agar_gui_pref.cpp" />
		<Unit filename="agar_guicore.cpp" />
		<Unit filename="agar_main.cpp" />
		<Unit filename="agar_menu_about.cpp" />
		<Unit filename="agar_menu_disk.cpp" />
		<Unit filename="agar_menu_tape.cpp" />
		<Unit filename="agar_menu_tool.cpp" />
		<Unit filename="agar_osd.cpp" />
		<Unit filename="agar_sch.cpp" />
		<Unit filename="agar_sdl.cpp" />
		<Unit filename="agar_toolbox.cpp" />
		<Unit filename="agar_toolbox.h" />
		<Unit filename="agar_ui_vkey.cpp" />
		<Unit filename="agar_vramutil.cpp" />
		<Unit filename="agar_vramutil.h" />
		<Unit filename="agar_xm7.h" />
		<Extensions>
			<envvars set="default" />
			<code_completion>
				<search_path add="." />
				<search_path add="../" />
				<search_path add="../libemugrph" />
				<search_path add="/usr/include/SDL" />
				<search_path add="../vm" />
				<search_path add="/usr/local/include/agar/agar" />
			</code_completion>
			<lib_finder disable_auto="1" />
			<debugger>
				<search_path add="/home/whatisthis/codeblocks/xm7-sdl/ui-agar/" />
			</debugger>
		</Extensions>
	</Project>
</CodeBlocks_project_file>
