<?xml version="1.0" encoding="UTF-8" standalone="yes" ?>
<CodeBlocks_project_file>
	<FileVersion major="1" minor="6" />
	<Project>
		<Option title="xm7-debugger" />
		<Option pch_mode="2" />
		<Option compiler="gcc" />
		<Build>
			<Target title="Debug">
				<Option output="libxm7-debugger" prefix_auto="1" extension_auto="1" />
				<Option working_dir="" />
				<Option object_output="obj/Debug/" />
				<Option type="2" />
				<Option compiler="gcc" />
				<Option createDefFile="1" />
				<Compiler>
					<Add option="-pg" />
					<Add option="-g" />
					<Add directory="." />
					<Add directory="../vm/" />
					<Add directory="/usr/include/SDL" />
					<Add directory="../sdl" />
				</Compiler>
				<Linker>
					<Add option="-pg" />
				</Linker>
			</Target>
			<Target title="Release">
				<Option output="libxm7-debugger" prefix_auto="1" extension_auto="1" />
				<Option working_dir="" />
				<Option object_output="obj/Release/" />
				<Option type="2" />
				<Option compiler="gcc" />
				<Option createDefFile="1" />
				<Compiler>
					<Add option="-O2" />
					<Add option="-Wall" />
					<Add directory="." />
					<Add directory="../vm/" />
					<Add directory="/usr/include/SDL" />
					<Add directory="../sdl" />
				</Compiler>
				<Linker>
					<Add option="-s" />
				</Linker>
			</Target>
		</Build>
		<Unit filename="dbg_breakpoint.cpp" />
		<Unit filename="dbg_disasm09.cpp" />
		<Unit filename="dbg_fonts.cpp" />
		<Unit filename="dbg_memdump.cpp" />
		<Extensions>
			<code_completion>
				<search_path add="../vm" />
				<search_path add="../sdl" />
				<search_path add="../ui-agar" />
				<search_path add="../libemugrph" />
				<search_path add="/usr/include/SDL" />
				<search_path add="." />
			</code_completion>
			<envvars />
			<lib_finder disable_auto="1" />
			<debugger />
		</Extensions>
	</Project>
</CodeBlocks_project_file>
