<?xml version="1.0" encoding="UTF-8" standalone="yes" ?>
<CodeBlocks_project_file>
	<FileVersion major="1" minor="6" />
	<Project>
		<Option title="libemugrph" />
		<Option pch_mode="2" />
		<Option compiler="gcc" />
		<Build>
			<Target title="Debug">
				<Option output="obj/Debug/libemugrph" prefix_auto="1" extension_auto="1" />
				<Option working_dir="" />
				<Option object_output="obj/Debug/" />
				<Option type="2" />
				<Option compiler="gcc" />
				<Option createDefFile="1" />
				<Compiler>
					<Add option="-pg" />
					<Add option="-g" />
				</Compiler>
				<Linker>
					<Add option="-pg" />
				</Linker>
			</Target>
			<Target title="Release">
				<Option output="obj/Release/libemugrph" prefix_auto="1" extension_auto="1" />
				<Option working_dir="" />
				<Option object_output="obj/Release/" />
				<Option type="2" />
				<Option compiler="gcc" />
				<Option createDefFile="1" />
				<Compiler>
					<Add option="-fomit-frame-pointer" />
					<Add option="-O3" />
				</Compiler>
				<Linker>
					<Add option="-s" />
				</Linker>
			</Target>
		</Build>
		<Compiler>
			<Add option="`pkg-config --cflags sdl`" />
			<Add option="-DXM7_VER=3" />
			<Add option="-DUSE_OPENGL" />
			<Add option="-DUSE_AGAR" />
			<Add option="-DMOUSE" />
			<Add option="-DMR2" />
			<Add option="-DFDDSND" />
			<Add option="-D_XWIN" />
			<Add directory="../ui-agar/" />
			<Add directory="../sdl/" />
			<Add directory="../vm/" />
			<Add directory="/usr/local/include/agar" />
		</Compiler>
		<Unit filename="EmuAgarGL.cpp" />
		<Unit filename="EmuAgarGL.h" />
		<Unit filename="EmuGLUtils.cpp" />
		<Unit filename="EmuGLUtils.h" />
		<Unit filename="EmuGrph256kc.cpp" />
		<Unit filename="EmuGrph256kc.h" />
		<Unit filename="EmuGrph400l.cpp" />
		<Unit filename="EmuGrph400l.h" />
		<Unit filename="EmuGrph4096c.cpp" />
		<Unit filename="EmuGrph4096c.h" />
		<Unit filename="EmuGrphLib.cpp" />
		<Unit filename="EmuGrphLib.h" />
		<Unit filename="EmuGrphScale1x1.cpp" />
		<Unit filename="EmuGrphScale1x1.h" />
		<Unit filename="EmuGrphScale1x2.cpp" />
		<Unit filename="EmuGrphScale1x2.h" />
		<Unit filename="EmuGrphScale1x2i.cpp" />
		<Unit filename="EmuGrphScale1x2i.h" />
		<Unit filename="EmuGrphScale2x2.cpp" />
		<Unit filename="EmuGrphScale2x2.h" />
		<Unit filename="EmuGrphScale2x2i.cpp" />
		<Unit filename="EmuGrphScale2x2i.h" />
		<Unit filename="EmuGrphScale2x4.cpp" />
		<Unit filename="EmuGrphScale2x4.h" />
		<Unit filename="EmuGrphScale2x4i.cpp" />
		<Unit filename="EmuGrphScale2x4i.h" />
		<Unit filename="EmuGrphScale4x4.cpp" />
		<Unit filename="EmuGrphScale4x4.h" />
		<Unit filename="EmuGrphScale4x4i.cpp" />
		<Unit filename="EmuGrphScale4x4i.h" />
		<Unit filename="EmuGrphScaleTmpl.h" />
		<Extensions>
			<envvars />
			<code_completion />
			<lib_finder disable_auto="1" />
			<debugger />
		</Extensions>
	</Project>
</CodeBlocks_project_file>
